
Microsoft Visual Studio Solution File, Format Version 12.00
# Visual Studio Version 17
VisualStudioVersion = 17.8.34525.116
MinimumVisualStudioVersion = 10.0.40219.1
Project("{2150E333-8FDC-42A3-9474-1A3956D46DE8}") = "Solution items", "Solution items", "{598036D2-6B2E-41D8-982E-90561C8EB529}"
	ProjectSection(SolutionItems) = preProject
		docker-compose.Dev.infrastructure.yml = docker-compose.Dev.infrastructure.yml
		README.md = README.md
	EndProjectSection
EndProject
Project("{2150E333-8FDC-42A3-9474-1A3956D46DE8}") = "src", "src", "{3B941AFF-946A-4481-A5A2-FD20917ED92C}"
EndProject
Project("{2150E333-8FDC-42A3-9474-1A3956D46DE8}") = "test", "test", "{07EF78D0-6DA8-4FC4-AB26-54A3261DDE84}"
EndProject
Project("{9A19103F-16F7-4668-BE54-9A1E7A4F7556}") = "DistributedSystem.API", "src\DistributedSystem.API\DistributedSystem.API.csproj", "{86D8BB69-5DD9-4864-A58B-CCDB6CF68915}"
EndProject
Project("{9A19103F-16F7-4668-BE54-9A1E7A4F7556}") = "DistributedSystem.Application", "src\DistributedSystem.Application\DistributedSystem.Application.csproj", "{4BDC5C74-27EC-41D9-BC8D-FB96FB15E761}"
EndProject
Project("{9A19103F-16F7-4668-BE54-9A1E7A4F7556}") = "DistributedSystem.Domain", "src\DistributedSystem.Domain\DistributedSystem.Domain.csproj", "{6209F68A-1CBD-4B3B-A582-21996A5E7AD9}"
EndProject
Project("{9A19103F-16F7-4668-BE54-9A1E7A4F7556}") = "DistributedSystem.Contract", "src\DistributedSystem.Contract\DistributedSystem.Contract.csproj", "{371F5C57-E500-47AC-B0BD-F213A7AA8E88}"
EndProject
Project("{9A19103F-16F7-4668-BE54-9A1E7A4F7556}") = "DistributedSystem.Infrastructure", "src\DistributedSystem.Infrastructure\DistributedSystem.Infrastructure.csproj", "{74AFA2CB-2CB7-4753-8D0B-5DA6B9D20C55}"
EndProject
Project("{9A19103F-16F7-4668-BE54-9A1E7A4F7556}") = "DistributedSystem.Persistence", "src\DistributedSystem.Persistence\DistributedSystem.Persistence.csproj", "{FB872F84-03F4-4971-AD44-BCC08089A27D}"
EndProject
Project("{9A19103F-16F7-4668-BE54-9A1E7A4F7556}") = "DistributedSystem.Presentation", "src\DistributedSystem.Presentation\DistributedSystem.Presentation.csproj", "{112D85AC-27A0-4FB9-992D-D56BA1471C99}"
EndProject
Project("{2150E333-8FDC-42A3-9474-1A3956D46DE8}") = "Command", "Command", "{594DED63-CA3F-4B5F-9BAA-2CD2482E90DD}"
EndProject
Project("{2150E333-8FDC-42A3-9474-1A3956D46DE8}") = "Contract", "Contract", "{2C27CF41-966A-40C1-A88E-FE4597BB2168}"
EndProject
Project("{2150E333-8FDC-42A3-9474-1A3956D46DE8}") = "Query", "Query", "{E2C82E03-A2A2-44BD-B9AE-C5CCF80AECD0}"
EndProject
Project("{2150E333-8FDC-42A3-9474-1A3956D46DE8}") = "ReverseProxy", "ReverseProxy", "{A4829E21-2652-4B60-9A25-42C1E19B606A}"
EndProject
Project("{FAE04EC0-301F-11D3-BF4B-00C04F79EFBC}") = "Query.API", "src\Query\Query.API\Query.API.csproj", "{DEA4ABDC-374C-4176-BE07-E198D582C6C7}"
EndProject
Project("{FAE04EC0-301F-11D3-BF4B-00C04F79EFBC}") = "Query.Application", "src\Query\Query.Application\Query.Application.csproj", "{2190D3A8-CB07-43F8-A8D8-F32248230871}"
EndProject
Project("{FAE04EC0-301F-11D3-BF4B-00C04F79EFBC}") = "Query.Domain", "src\Query\Query.Domain\Query.Domain.csproj", "{B695D9BC-594A-4652-BB69-76BCF2FB6403}"
EndProject
Project("{FAE04EC0-301F-11D3-BF4B-00C04F79EFBC}") = "Query.Persistence", "src\Query\Query.Persistence\Query.Persistence.csproj", "{0BD7734D-8EF4-4167-ACE6-EE6B2E39811D}"
EndProject
Project("{FAE04EC0-301F-11D3-BF4B-00C04F79EFBC}") = "Query.Infrastructure", "src\Query\Query.Infrastructure\Query.Infrastructure.csproj", "{CD3840CC-72E5-493E-9957-1ECEFB9DF41A}"
EndProject
Project("{FAE04EC0-301F-11D3-BF4B-00C04F79EFBC}") = "Query.Presentation", "src\Query\Query.Presentation\Query.Presentation.csproj", "{DE3F439F-716E-4A0D-A016-F7751B6DC9D0}"
EndProject
Global
	GlobalSection(SolutionConfigurationPlatforms) = preSolution
		Debug|Any CPU = Debug|Any CPU
		Release|Any CPU = Release|Any CPU
	EndGlobalSection
	GlobalSection(ProjectConfigurationPlatforms) = postSolution
		{86D8BB69-5DD9-4864-A58B-CCDB6CF68915}.Debug|Any CPU.ActiveCfg = Debug|Any CPU
		{86D8BB69-5DD9-4864-A58B-CCDB6CF68915}.Debug|Any CPU.Build.0 = Debug|Any CPU
		{86D8BB69-5DD9-4864-A58B-CCDB6CF68915}.Release|Any CPU.ActiveCfg = Release|Any CPU
		{86D8BB69-5DD9-4864-A58B-CCDB6CF68915}.Release|Any CPU.Build.0 = Release|Any CPU
		{4BDC5C74-27EC-41D9-BC8D-FB96FB15E761}.Debug|Any CPU.ActiveCfg = Debug|Any CPU
		{4BDC5C74-27EC-41D9-BC8D-FB96FB15E761}.Debug|Any CPU.Build.0 = Debug|Any CPU
		{4BDC5C74-27EC-41D9-BC8D-FB96FB15E761}.Release|Any CPU.ActiveCfg = Release|Any CPU
		{4BDC5C74-27EC-41D9-BC8D-FB96FB15E761}.Release|Any CPU.Build.0 = Release|Any CPU
		{6209F68A-1CBD-4B3B-A582-21996A5E7AD9}.Debug|Any CPU.ActiveCfg = Debug|Any CPU
		{6209F68A-1CBD-4B3B-A582-21996A5E7AD9}.Debug|Any CPU.Build.0 = Debug|Any CPU
		{6209F68A-1CBD-4B3B-A582-21996A5E7AD9}.Release|Any CPU.ActiveCfg = Release|Any CPU
		{6209F68A-1CBD-4B3B-A582-21996A5E7AD9}.Release|Any CPU.Build.0 = Release|Any CPU
		{371F5C57-E500-47AC-B0BD-F213A7AA8E88}.Debug|Any CPU.ActiveCfg = Debug|Any CPU
		{371F5C57-E500-47AC-B0BD-F213A7AA8E88}.Debug|Any CPU.Build.0 = Debug|Any CPU
		{371F5C57-E500-47AC-B0BD-F213A7AA8E88}.Release|Any CPU.ActiveCfg = Release|Any CPU
		{371F5C57-E500-47AC-B0BD-F213A7AA8E88}.Release|Any CPU.Build.0 = Release|Any CPU
		{74AFA2CB-2CB7-4753-8D0B-5DA6B9D20C55}.Debug|Any CPU.ActiveCfg = Debug|Any CPU
		{74AFA2CB-2CB7-4753-8D0B-5DA6B9D20C55}.Debug|Any CPU.Build.0 = Debug|Any CPU
		{74AFA2CB-2CB7-4753-8D0B-5DA6B9D20C55}.Release|Any CPU.ActiveCfg = Release|Any CPU
		{74AFA2CB-2CB7-4753-8D0B-5DA6B9D20C55}.Release|Any CPU.Build.0 = Release|Any CPU
		{FB872F84-03F4-4971-AD44-BCC08089A27D}.Debug|Any CPU.ActiveCfg = Debug|Any CPU
		{FB872F84-03F4-4971-AD44-BCC08089A27D}.Debug|Any CPU.Build.0 = Debug|Any CPU
		{FB872F84-03F4-4971-AD44-BCC08089A27D}.Release|Any CPU.ActiveCfg = Release|Any CPU
		{FB872F84-03F4-4971-AD44-BCC08089A27D}.Release|Any CPU.Build.0 = Release|Any CPU
		{112D85AC-27A0-4FB9-992D-D56BA1471C99}.Debug|Any CPU.ActiveCfg = Debug|Any CPU
		{112D85AC-27A0-4FB9-992D-D56BA1471C99}.Debug|Any CPU.Build.0 = Debug|Any CPU
		{112D85AC-27A0-4FB9-992D-D56BA1471C99}.Release|Any CPU.ActiveCfg = Release|Any CPU
		{112D85AC-27A0-4FB9-992D-D56BA1471C99}.Release|Any CPU.Build.0 = Release|Any CPU
		{DEA4ABDC-374C-4176-BE07-E198D582C6C7}.Debug|Any CPU.ActiveCfg = Debug|Any CPU
		{DEA4ABDC-374C-4176-BE07-E198D582C6C7}.Debug|Any CPU.Build.0 = Debug|Any CPU
		{DEA4ABDC-374C-4176-BE07-E198D582C6C7}.Release|Any CPU.ActiveCfg = Release|Any CPU
		{DEA4ABDC-374C-4176-BE07-E198D582C6C7}.Release|Any CPU.Build.0 = Release|Any CPU
		{2190D3A8-CB07-43F8-A8D8-F32248230871}.Debug|Any CPU.ActiveCfg = Debug|Any CPU
		{2190D3A8-CB07-43F8-A8D8-F32248230871}.Debug|Any CPU.Build.0 = Debug|Any CPU
		{2190D3A8-CB07-43F8-A8D8-F32248230871}.Release|Any CPU.ActiveCfg = Release|Any CPU
		{2190D3A8-CB07-43F8-A8D8-F32248230871}.Release|Any CPU.Build.0 = Release|Any CPU
		{B695D9BC-594A-4652-BB69-76BCF2FB6403}.Debug|Any CPU.ActiveCfg = Debug|Any CPU
		{B695D9BC-594A-4652-BB69-76BCF2FB6403}.Debug|Any CPU.Build.0 = Debug|Any CPU
		{B695D9BC-594A-4652-BB69-76BCF2FB6403}.Release|Any CPU.ActiveCfg = Release|Any CPU
		{B695D9BC-594A-4652-BB69-76BCF2FB6403}.Release|Any CPU.Build.0 = Release|Any CPU
		{0BD7734D-8EF4-4167-ACE6-EE6B2E39811D}.Debug|Any CPU.ActiveCfg = Debug|Any CPU
		{0BD7734D-8EF4-4167-ACE6-EE6B2E39811D}.Debug|Any CPU.Build.0 = Debug|Any CPU
		{0BD7734D-8EF4-4167-ACE6-EE6B2E39811D}.Release|Any CPU.ActiveCfg = Release|Any CPU
		{0BD7734D-8EF4-4167-ACE6-EE6B2E39811D}.Release|Any CPU.Build.0 = Release|Any CPU
		{CD3840CC-72E5-493E-9957-1ECEFB9DF41A}.Debug|Any CPU.ActiveCfg = Debug|Any CPU
		{CD3840CC-72E5-493E-9957-1ECEFB9DF41A}.Debug|Any CPU.Build.0 = Debug|Any CPU
		{CD3840CC-72E5-493E-9957-1ECEFB9DF41A}.Release|Any CPU.ActiveCfg = Release|Any CPU
		{CD3840CC-72E5-493E-9957-1ECEFB9DF41A}.Release|Any CPU.Build.0 = Release|Any CPU
		{DE3F439F-716E-4A0D-A016-F7751B6DC9D0}.Debug|Any CPU.ActiveCfg = Debug|Any CPU
		{DE3F439F-716E-4A0D-A016-F7751B6DC9D0}.Debug|Any CPU.Build.0 = Debug|Any CPU
		{DE3F439F-716E-4A0D-A016-F7751B6DC9D0}.Release|Any CPU.ActiveCfg = Release|Any CPU
		{DE3F439F-716E-4A0D-A016-F7751B6DC9D0}.Release|Any CPU.Build.0 = Release|Any CPU
	EndGlobalSection
	GlobalSection(SolutionProperties) = preSolution
		HideSolutionNode = FALSE
	EndGlobalSection
	GlobalSection(NestedProjects) = preSolution
		{86D8BB69-5DD9-4864-A58B-CCDB6CF68915} = {594DED63-CA3F-4B5F-9BAA-2CD2482E90DD}
		{4BDC5C74-27EC-41D9-BC8D-FB96FB15E761} = {594DED63-CA3F-4B5F-9BAA-2CD2482E90DD}
		{6209F68A-1CBD-4B3B-A582-21996A5E7AD9} = {594DED63-CA3F-4B5F-9BAA-2CD2482E90DD}
		{371F5C57-E500-47AC-B0BD-F213A7AA8E88} = {2C27CF41-966A-40C1-A88E-FE4597BB2168}
		{74AFA2CB-2CB7-4753-8D0B-5DA6B9D20C55} = {594DED63-CA3F-4B5F-9BAA-2CD2482E90DD}
		{FB872F84-03F4-4971-AD44-BCC08089A27D} = {594DED63-CA3F-4B5F-9BAA-2CD2482E90DD}
		{112D85AC-27A0-4FB9-992D-D56BA1471C99} = {594DED63-CA3F-4B5F-9BAA-2CD2482E90DD}
		{594DED63-CA3F-4B5F-9BAA-2CD2482E90DD} = {3B941AFF-946A-4481-A5A2-FD20917ED92C}
		{2C27CF41-966A-40C1-A88E-FE4597BB2168} = {3B941AFF-946A-4481-A5A2-FD20917ED92C}
		{E2C82E03-A2A2-44BD-B9AE-C5CCF80AECD0} = {3B941AFF-946A-4481-A5A2-FD20917ED92C}
		{A4829E21-2652-4B60-9A25-42C1E19B606A} = {3B941AFF-946A-4481-A5A2-FD20917ED92C}
		{DEA4ABDC-374C-4176-BE07-E198D582C6C7} = {E2C82E03-A2A2-44BD-B9AE-C5CCF80AECD0}
		{2190D3A8-CB07-43F8-A8D8-F32248230871} = {E2C82E03-A2A2-44BD-B9AE-C5CCF80AECD0}
		{B695D9BC-594A-4652-BB69-76BCF2FB6403} = {E2C82E03-A2A2-44BD-B9AE-C5CCF80AECD0}
		{0BD7734D-8EF4-4167-ACE6-EE6B2E39811D} = {E2C82E03-A2A2-44BD-B9AE-C5CCF80AECD0}
		{CD3840CC-72E5-493E-9957-1ECEFB9DF41A} = {E2C82E03-A2A2-44BD-B9AE-C5CCF80AECD0}
		{DE3F439F-716E-4A0D-A016-F7751B6DC9D0} = {E2C82E03-A2A2-44BD-B9AE-C5CCF80AECD0}
	EndGlobalSection
	GlobalSection(ExtensibilityGlobals) = postSolution
		SolutionGuid = {6A454EAD-E420-4229-A2B9-2D2817FC2461}
	EndGlobalSection
EndGlobal
